// !$*UTF8*$!
{
	archiveVersion = 1;
	classes = {
	};
	objectVersion = 46;
	objects = {

/* Begin PBXBuildFile section */
		4312D8561BE209D900A0C7FC /* main.m in Sources */ = {isa = PBXBuildFile; fileRef = 4312D8551BE209D900A0C7FC /* main.m */; };
		4312D8591BE209D900A0C7FC /* AppDelegate.m in Sources */ = {isa = PBXBuildFile; fileRef = 4312D8581BE209D900A0C7FC /* AppDelegate.m */; };
		4312D85C1BE209D900A0C7FC /* ViewController.m in Sources */ = {isa = PBXBuildFile; fileRef = 4312D85B1BE209D900A0C7FC /* ViewController.m */; };
		4312D85F1BE209D900A0C7FC /* Main.storyboard in Resources */ = {isa = PBXBuildFile; fileRef = 4312D85D1BE209D900A0C7FC /* Main.storyboard */; };
		4312D8611BE209D900A0C7FC /* Assets.xcassets in Resources */ = {isa = PBXBuildFile; fileRef = 4312D8601BE209D900A0C7FC /* Assets.xcassets */; };
		4312D8641BE209D900A0C7FC /* LaunchScreen.storyboard in Resources */ = {isa = PBXBuildFile; fileRef = 4312D8621BE209D900A0C7FC /* LaunchScreen.storyboard */; };
		43385ED31BE6D0C100F13349 /* MOINetworkState.m in Sources */ = {isa = PBXBuildFile; fileRef = 43385ED01BE6D0C100F13349 /* MOINetworkState.m */; };
		43385ED41BE6D0C100F13349 /* Reachability.m in Sources */ = {isa = PBXBuildFile; fileRef = 43385ED21BE6D0C100F13349 /* Reachability.m */; };
/* End PBXBuildFile section */

/* Begin PBXFileReference section */
		4312D8511BE209D900A0C7FC /* MOINetworkStateDemo.app */ = {isa = PBXFileReference; explicitFileType = wrapper.application; includeInIndex = 0; path = MOINetworkStateDemo.app; sourceTree = BUILT_PRODUCTS_DIR; };
		4312D8551BE209D900A0C7FC /* main.m */ = {isa = PBXFileReference; lastKnownFileType = sourcecode.c.objc; lineEnding = 0; path = main.m; sourceTree = "<group>"; xcLanguageSpecificationIdentifier = xcode.lang.objc; };
		4312D8571BE209D900A0C7FC /* AppDelegate.h */ = {isa = PBXFileReference; lastKnownFileType = sourcecode.c.h; lineEnding = 0; path = AppDelegate.h; sourceTree = "<group>"; xcLanguageSpecificationIdentifier = xcode.lang.objcpp; };
		4312D8581BE209D900A0C7FC /* AppDelegate.m */ = {isa = PBXFileReference; lastKnownFileType = sourcecode.c.objc; lineEnding = 0; path = AppDelegate.m; sourceTree = "<group>"; xcLanguageSpecificationIdentifier = xcode.lang.objc; };
		4312D85A1BE209D900A0C7FC /* ViewController.h */ = {isa = PBXFileReference; lastKnownFileType = sourcecode.c.h; lineEnding = 0; path = ViewController.h; sourceTree = "<group>"; xcLanguageSpecificationIdentifier = xcode.lang.objcpp; };
		4312D85B1BE209D900A0C7FC /* ViewController.m */ = {isa = PBXFileReference; lastKnownFileType = sourcecode.c.objc; lineEnding = 0; path = ViewController.m; sourceTree = "<group>"; xcLanguageSpecificationIdentifier = xcode.lang.objc; };
		4312D85E1BE209D900A0C7FC /* Base */ = {isa = PBXFileReference; lastKnownFileType = file.storyboard; name = Base; path = Base.lproj/Main.storyboard; sourceTree = "<group>"; };
		4312D8601BE209D900A0C7FC /* Assets.xcassets */ = {isa = PBXFileReference; lastKnownFileType = folder.assetcatalog; path = Assets.xcassets; sourceTree = "<group>"; };
		4312D8631BE209D900A0C7FC /* Base */ = {isa = PBXFileReference; lastKnownFileType = file.storyboard; name = Base; path = Base.lproj/LaunchScreen.storyboard; sourceTree = "<group>"; };
		4312D8651BE209D900A0C7FC /* Info.plist */ = {isa = PBXFileReference; lastKnownFileType = text.plist.xml; path = Info.plist; sourceTree = "<group>"; };
		43385ECF1BE6D0C100F13349 /* MOINetworkState.h */ = {isa = PBXFileReference; fileEncoding = 4; lastKnownFileType = sourcecode.c.h; path = MOINetworkState.h; sourceTree = "<group>"; };
		43385ED01BE6D0C100F13349 /* MOINetworkState.m */ = {isa = PBXFileReference; fileEncoding = 4; lastKnownFileType = sourcecode.c.objc; path = MOINetworkState.m; sourceTree = "<group>"; };
		43385ED11BE6D0C100F13349 /* Reachability.h */ = {isa = PBXFileReference; fileEncoding = 4; lastKnownFileType = sourcecode.c.h; path = Reachability.h; sourceTree = "<group>"; };
		43385ED21BE6D0C100F13349 /* Reachability.m */ = {isa = PBXFileReference; fileEncoding = 4; lastKnownFileType = sourcecode.c.objc; path = Reachability.m; sourceTree = "<group>"; };
/* End PBXFileReference section */

/* Begin PBXFrameworksBuildPhase section */
		4312D84E1BE209D900A0C7FC /* Frameworks */ = {
			isa = PBXFrameworksBuildPhase;
			buildActionMask = 2147483647;
			files = (
			);
			runOnlyForDeploymentPostprocessing = 0;
		};
/* End PBXFrameworksBuildPhase section */

/* Begin PBXGroup section */
		4312D8481BE209D900A0C7FC = {
			isa = PBXGroup;
			children = (
				43385ECE1BE6D0C100F13349 /* MOINetworkState */,
				4312D8531BE209D900A0C7FC /* MOINetworkStateDemo */,
				4312D8521BE209D900A0C7FC /* Products */,
			);
			sourceTree = "<group>";
		};
		4312D8521BE209D900A0C7FC /* Products */ = {
			isa = PBXGroup;
			children = (
				4312D8511BE209D900A0C7FC /* MOINetworkStateDemo.app */,
			);
			name = Products;
			sourceTree = "<group>";
		};
		4312D8531BE209D900A0C7FC /* MOINetworkStateDemo */ = {
			isa = PBXGroup;
			children = (
				4312D8571BE209D900A0C7FC /* AppDelegate.h */,
				4312D8581BE209D900A0C7FC /* AppDelegate.m */,
				4312D85A1BE209D900A0C7FC /* ViewController.h */,
				4312D85B1BE209D900A0C7FC /* ViewController.m */,
				4312D85D1BE209D900A0C7FC /* Main.storyboard */,
				4312D8601BE209D900A0C7FC /* Assets.xcassets */,
				4312D8621BE209D900A0C7FC /* LaunchScreen.storyboard */,
				4312D8651BE209D900A0C7FC /* Info.plist */,
				4312D8541BE209D900A0C7FC /* Supporting Files */,
			);
			path = MOINetworkStateDemo;
			sourceTree = "<group>";
		};
		4312D8541BE209D900A0C7FC /* Supporting Files */ = {
			isa = PBXGroup;
			children = (
				4312D8551BE209D900A0C7FC /* main.m */,
			);
			name = "Supporting Files";
			sourceTree = "<group>";
		};
		43385ECE1BE6D0C100F13349 /* MOINetworkState */ = {
			isa = PBXGroup;
			children = (
				43385ECF1BE6D0C100F13349 /* MOINetworkState.h */,
				43385ED01BE6D0C100F13349 /* MOINetworkState.m */,
				43385ED11BE6D0C100F13349 /* Reachability.h */,
				43385ED21BE6D0C100F13349 /* Reachability.m */,
			);
			name = MOINetworkState;
			path = ../MOINetworkState;
			sourceTree = "<group>";
		};
/* End PBXGroup section */

/* Begin PBXNativeTarget section */
		4312D8501BE209D900A0C7FC /* MOINetworkStateDemo */ = {
			isa = PBXNativeTarget;
			buildConfigurationList = 4312D8681BE209D900A0C7FC /* Build configuration list for PBXNativeTarget "MOINetworkStateDemo" */;
			buildPhases = (
				4312D84D1BE209D900A0C7FC /* Sources */,
				4312D84E1BE209D900A0C7FC /* Frameworks */,
				4312D84F1BE209D900A0C7FC /* Resources */,
			);
			buildRules = (
			);
			dependencies = (
			);
			name = MOINetworkStateDemo;
			productName = MOINetworkStateDemo;
			productReference = 4312D8511BE209D900A0C7FC /* MOINetworkStateDemo.app */;
			productType = "com.apple.product-type.application";
		};
/* End PBXNativeTarget section */

/* Begin PBXProject section */
		4312D8491BE209D900A0C7FC /* Project object */ = {
			isa = PBXProject;
			attributes = {
				LastUpgradeCheck = 0710;
				ORGANIZATIONNAME = mconintet;
				TargetAttributes = {
					4312D8501BE209D900A0C7FC = {
						CreatedOnToolsVersion = 7.1;
						DevelopmentTeam = UZ5E3YN55V;
					};
				};
			};
			buildConfigurationList = 4312D84C1BE209D900A0C7FC /* Build configuration list for PBXProject "MOINetworkStateDemo" */;
			compatibilityVersion = "Xcode 3.2";
			developmentRegion = English;
			hasScannedForEncodings = 0;
			knownRegions = (
				en,
				Base,
			);
			mainGroup = 4312D8481BE209D900A0C7FC;
			productRefGroup = 4312D8521BE209D900A0C7FC /* Products */;
			projectDirPath = "";
			projectRoot = "";
			targets = (
				4312D8501BE209D900A0C7FC /* MOINetworkStateDemo */,
			);
		};
/* End PBXProject section */

/* Begin PBXResourcesBuildPhase section */
		4312D84F1BE209D900A0C7FC /* Resources */ = {
			isa = PBXResourcesBuildPhase;
			buildActionMask = 2147483647;
			files = (
				4312D8641BE209D900A0C7FC /* LaunchScreen.storyboard in Resources */,
				4312D8611BE209D900A0C7FC /* Assets.xcassets in Resources */,
				4312D85F1BE209D900A0C7FC /* Main.storyboard in Resources */,
			);
			runOnlyForDeploymentPostprocessing = 0;
		};
/* End PBXResourcesBuildPhase section */

/* Begin PBXSourcesBuildPhase section */
		4312D84D1BE209D900A0C7FC /* Sources */ = {
			isa = PBXSourcesBuildPhase;
			buildActionMask = 2147483647;
			files = (
				43385ED31BE6D0C100F13349 /* MOINetworkState.m in Sources */,
				4312D85C1BE209D900A0C7FC /* ViewController.m in Sources */,
				4312D8591BE209D900A0C7FC /* AppDelegate.m in Sources */,
				4312D8561BE209D900A0C7FC /* main.m in Sources */,
				43385ED41BE6D0C100F13349 /* Reachability.m in Sources */,
			);
			runOnlyForDeploymentPostprocessing = 0;
		};
/* End PBXSourcesBuildPhase section */

/* Begin PBXVariantGroup section */
		4312D85D1BE209D900A0C7FC /* Main.storyboard */ = {
			isa = PBXVariantGroup;
			children = (
				4312D85E1BE209D900A0C7FC /* Base */,
			);
			name = Main.storyboard;
			sourceTree = "<group>";
		};
		4312D8621BE209D900A0C7FC /* LaunchScreen.storyboard */ = {
			isa = PBXVariantGroup;
			children = (
				4312D8631BE209D900A0C7FC /* Base */,
			);
			name = LaunchScreen.storyboard;
			sourceTree = "<group>";
		};
/* End PBXVariantGroup section */

/* Begin XCBuildConfiguration section */
		4312D8661BE209D900A0C7FC /* Debug */ = {
			isa = XCBuildConfiguration;
			buildSettings = {
				ALWAYS_SEARCH_USER_PATHS = NO;
				CLANG_CXX_LANGUAGE_STANDARD = "gnu++0x";
				CLANG_CXX_LIBRARY = "libc++";
				CLANG_ENABLE_MODULES = YES;
				CLANG_ENABLE_OBJC_ARC = YES;
				CLANG_WARN_BOOL_CONVERSION = YES;
				CLANG_WARN_CONSTANT_CONVERSION = YES;
				CLANG_WARN_DIRECT_OBJC_ISA_USAGE = YES_ERROR;
				CLANG_WARN_EMPTY_BODY = YES;
				CLANG_WARN_ENUM_CONVERSION = YES;
				CLANG_WARN_INT_CONVERSION = YES;
				CLANG_WARN_OBJC_ROOT_CLASS = YES_ERROR;
				CLANG_WARN_UNREACHABLE_CODE = YES;
				CLANG_WARN__DUPLICATE_METHOD_MATCH = YES;
				"CODE_SIGN_IDENTITY[sdk=iphoneos*]" = "iPhone Developer";
				COPY_PHASE_STRIP = NO;
				DEBUG_INFORMATION_FORMAT = dwarf;
				ENABLE_STRICT_OBJC_MSGSEND = YES;
				ENABLE_TESTABILITY = YES;
				GCC_C_LANGUAGE_STANDARD = gnu99;
				GCC_DYNAMIC_NO_PIC = NO;
				GCC_NO_COMMON_BLOCKS = YES;
				GCC_OPTIMIZATION_LEVEL = 0;
				GCC_PREPROCESSOR_DEFINITIONS = (
					"DEBUG=1",
					"$(inherited)",
				);
				GCC_WARN_64_TO_32_BIT_CONVERSION = YES;
				GCC_WARN_ABOUT_RETURN_TYPE = YES_ERROR;
				GCC_WARN_UNDECLARED_SELECTOR = YES;
				GCC_WARN_UNINITIALIZED_AUTOS = YES_AGGRESSIVE;
				GCC_WARN_UNUSED_FUNCTION = YES;
				GCC_WARN_UNUSED_VARIABLE = YES;
				IPHONEOS_DEPLOYMENT_TARGET = 9.1;
				MTL_ENABLE_DEBUG_INFO = YES;
				ONLY_ACTIVE_ARCH = YES;
				SDKROOT = iphoneos;
			};
			name = Debug;
		};
		4312D8671BE209D900A0C7FC /* Release */ = {
			isa = XCBuildConfiguration;
			buildSettings = {
				ALWAYS_SEARCH_USER_PATHS = NO;
				CLANG_CXX_LANGUAGE_STANDARD = "gnu++0x";
				CLANG_CXX_LIBRARY = "libc++";
				CLANG_ENABLE_MODULES = YES;
				CLANG_ENABLE_OBJC_ARC = YES;
				CLANG_WARN_BOOL_CONVERSION = YES;
				CLANG_WARN_CONSTANT_CONVERSION = YES;
				CLANG_WARN_DIRECT_OBJC_ISA_USAGE = YES_ERROR;
				CLANG_WARN_EMPTY_BODY = YES;
				CLANG_WARN_ENUM_CONVERSION = YES;
				CLANG_WARN_INT_CONVERSION = YES;
				CLANG_WARN_OBJC_ROOT_CLASS = YES_ERROR;
				CLANG_WARN_UNREACHABLE_CODE = YES;
				CLANG_WARN__DUPLICATE_METHOD_MATCH = YES;
				"CODE_SIGN_IDENTITY[sdk=iphoneos*]" = "iPhone Developer";
				COPY_PHASE_STRIP = NO;
				DEBUG_INFORMATION_FORMAT = "dwarf-with-dsym";
				ENABLE_NS_ASSERTIONS = NO;
				ENABLE_STRICT_OBJC_MSGSEND = YES;
				GCC_C_LANGUAGE_STANDARD = gnu99;
				GCC_NO_COMMON_BLOCKS = YES;
				GCC_WARN_64_TO_32_BIT_CONVERSION = YES;
				GCC_WARN_ABOUT_RETURN_TYPE = YES_ERROR;
				GCC_WARN_UNDECLARED_SELECTOR = YES;
				GCC_WARN_UNINITIALIZED_AUTOS = YES_AGGRESSIVE;
				GCC_WARN_UNUSED_FUNCTION = YES;
				GCC_WARN_UNUSED_VARIABLE = YES;
				IPHONEOS_DEPLOYMENT_TARGET = 9.1;
				MTL_ENABLE_DEBUG_INFO = NO;
				SDKROOT = iphoneos;
				VALIDATE_PRODUCT = YES;
			};
			name = Release;
		};
		4312D8691BE209D900A0C7FC /* Debug */ = {
			isa = XCBuildConfiguration;
			buildSettings = {
				ASSETCATALOG_COMPILER_APPICON_NAME = AppIcon;
				CODE_SIGN_IDENTITY = "iPhone Developer";
				INFOPLIST_FILE = MOINetworkStateDemo/Info.plist;
				LD_RUNPATH_SEARCH_PATHS = "$(inherited) @executable_path/Frameworks";
				PRODUCT_BUNDLE_IDENTIFIER = com.mconintet.MOINetworkStateDemo;
				PRODUCT_NAME = "$(TARGET_NAME)";
			};
			name = Debug;
		};
		4312D86A1BE209D900A0C7FC /* Release */ = {
			isa = XCBuildConfiguration;
			buildSettings = {
				ASSETCATALOG_COMPILER_APPICON_NAME = AppIcon;
				CODE_SIGN_IDENTITY = "iPhone Developer";
				INFOPLIST_FILE = MOINetworkStateDemo/Info.plist;
				LD_RUNPATH_SEARCH_PATHS = "$(inherited) @executable_path/Frameworks";
				PRODUCT_BUNDLE_IDENTIFIER = com.mconintet.MOINetworkStateDemo;
				PRODUCT_NAME = "$(TARGET_NAME)";
			};
			name = Release;
		};
/* End XCBuildConfiguration section */

/* Begin XCConfigurationList section */
		4312D84C1BE209D900A0C7FC /* Build configuration list for PBXProject "MOINetworkStateDemo" */ = {
			isa = XCConfigurationList;
			buildConfigurations = (
				4312D8661BE209D900A0C7FC /* Debug */,
				4312D8671BE209D900A0C7FC /* Release */,
			);
			defaultConfigurationIsVisible = 0;
			defaultConfigurationName = Release;
		};
		4312D8681BE209D900A0C7FC /* Build configuration list for PBXNativeTarget "MOINetworkStateDemo" */ = {
			isa = XCConfigurationList;
			buildConfigurations = (
				4312D8691BE209D900A0C7FC /* Debug */,
				4312D86A1BE209D900A0C7FC /* Release */,
			);
			defaultConfigurationIsVisible = 0;
			defaultConfigurationName = Release;
		};
/* End XCConfigurationList section */
	};
	rootObject = 4312D8491BE209D900A0C7FC /* Project object */;
}
